
Microsoft Visual Studio Solution File, Format Version 12.00
# Visual Studio Version 17
VisualStudioVersion = 17.9.34728.123
MinimumVisualStudioVersion = 10.0.40219.1
Project("{9A19103F-16F7-4668-BE54-9A1E7A4F7556}") = "StuDin", "StuDin\StuDin.csproj", "{9D56CC03-86B5-4173-A7E1-BD716112ED63}"
EndProject
Project("{9A19103F-16F7-4668-BE54-9A1E7A4F7556}") = "EmployeeManagement", "EmployeeManagement\EmployeeManagement.csproj", "{B684B2EB-BDC8-4A75-A6C6-74F77E175ABD}"
EndProject
Project("{9A19103F-16F7-4668-BE54-9A1E7A4F7556}") = "CRUDApiApplication", "CRUDApiApplication\CRUDApiApplication.csproj", "{6A83F245-03F9-4ECF-8C49-17B2D3DC2021}"
EndProject
Project("{FAE04EC0-301F-11D3-BF4B-00C04F79EFBC}") = "MyCaRt", "MyCaRt\MyCaRt.csproj", "{CC7E47F8-5798-4ECD-9C17-5A6E58DF2864}"
EndProject
Global
	GlobalSection(SolutionConfigurationPlatforms) = preSolution
		Debug|Any CPU = Debug|Any CPU
		Release|Any CPU = Release|Any CPU
	EndGlobalSection
	GlobalSection(ProjectConfigurationPlatforms) = postSolution
		{9D56CC03-86B5-4173-A7E1-BD716112ED63}.Debug|Any CPU.ActiveCfg = Debug|Any CPU
		{9D56CC03-86B5-4173-A7E1-BD716112ED63}.Debug|Any CPU.Build.0 = Debug|Any CPU
		{9D56CC03-86B5-4173-A7E1-BD716112ED63}.Release|Any CPU.ActiveCfg = Release|Any CPU
		{9D56CC03-86B5-4173-A7E1-BD716112ED63}.Release|Any CPU.Build.0 = Release|Any CPU
		{B684B2EB-BDC8-4A75-A6C6-74F77E175ABD}.Debug|Any CPU.ActiveCfg = Debug|Any CPU
		{B684B2EB-BDC8-4A75-A6C6-74F77E175ABD}.Debug|Any CPU.Build.0 = Debug|Any CPU
		{B684B2EB-BDC8-4A75-A6C6-74F77E175ABD}.Release|Any CPU.ActiveCfg = Release|Any CPU
		{B684B2EB-BDC8-4A75-A6C6-74F77E175ABD}.Release|Any CPU.Build.0 = Release|Any CPU
		{6A83F245-03F9-4ECF-8C49-17B2D3DC2021}.Debug|Any CPU.ActiveCfg = Debug|Any CPU
		{6A83F245-03F9-4ECF-8C49-17B2D3DC2021}.Debug|Any CPU.Build.0 = Debug|Any CPU
		{6A83F245-03F9-4ECF-8C49-17B2D3DC2021}.Release|Any CPU.ActiveCfg = Release|Any CPU
		{6A83F245-03F9-4ECF-8C49-17B2D3DC2021}.Release|Any CPU.Build.0 = Release|Any CPU
		{CC7E47F8-5798-4ECD-9C17-5A6E58DF2864}.Debug|Any CPU.ActiveCfg = Debug|Any CPU
		{CC7E47F8-5798-4ECD-9C17-5A6E58DF2864}.Debug|Any CPU.Build.0 = Debug|Any CPU
		{CC7E47F8-5798-4ECD-9C17-5A6E58DF2864}.Release|Any CPU.ActiveCfg = Release|Any CPU
		{CC7E47F8-5798-4ECD-9C17-5A6E58DF2864}.Release|Any CPU.Build.0 = Release|Any CPU
	EndGlobalSection
	GlobalSection(SolutionProperties) = preSolution
		HideSolutionNode = FALSE
	EndGlobalSection
	GlobalSection(ExtensibilityGlobals) = postSolution
		SolutionGuid = {DCA498B7-3A88-4C55-8F76-ABA4C15B5E39}
	EndGlobalSection
EndGlobal
